{
    "_meta": {
        "hash": {
            "sha256": "863899f5c6191120c45b572451f911cfdbdddc0943425144c6b23523c3e8d876"
        },
        "pipfile-spec": 6,
        "requires": {
            "python_version": "3.7"
        },
        "sources": [
            {
                "name": "pypi",
                "url": "https://pypi.org/simple",
                "verify_ssl": true
            }
        ]
    },
    "default": {
        "absl-py": {
            "hashes": [
                "sha256:75e737d6ce7723d9ff9b7aa1ba3233c34be62ef18d5859e706b8fdc828989830"
            ],
            "version": "==0.9.0"
        },
        "affine": {
            "hashes": [
                "sha256:2e045def1aa29e613c42e801a7e10e0b9bacfed1a7c6af0cadf8843530a15102",
                "sha256:34b05b070d954c382e56f02c207a372d8a32621a87653cc30cdd31cd7f65799f"
            ],
            "version": "==2.3.0"
        },
        "attrs": {
            "hashes": [
                "sha256:08a96c641c3a74e44eb59afb61a24f2cb9f4d7188748e76ba4bb5edfa3cb7d1c",
                "sha256:f7b7ce16570fe9965acd6d30101a28f62fb4a7f9e926b3bbc9b61f8b04247e72"
            ],
            "version": "==19.3.0"
        },
        "backports.functools-lru-cache": {
            "hashes": [
                "sha256:0bada4c2f8a43d533e4ecb7a12214d9420e66eb206d54bf2d682581ca4b80848",
                "sha256:8fde5f188da2d593bd5bc0be98d9abc46c95bb8a9dde93429570192ee6cc2d4a"
            ],
            "version": "==1.6.1"
        },
        "cachetools": {
            "hashes": [
                "sha256:428266a1c0d36dc5aca63a2d7c5942e88c2c898d72139fca0e97fdd2380517ae",
                "sha256:8ea2d3ce97850f31e4a08b0e2b5e6c34997d7216a9d2c98e0f3978630d4da69a"
            ],
            "version": "==3.1.1"
        },
        "certifi": {
            "hashes": [
                "sha256:017c25db2a153ce562900032d5bc68e9f191e44e9a0f762f373977de9df1fbb3",
                "sha256:25b64c7da4cd7479594d035c08c2d809eb4aab3a26e5a990ea98cc450c320f1f"
            ],
            "version": "==2019.11.28"
        },
        "chardet": {
            "hashes": [
                "sha256:84ab92ed1c4d4f16916e05906b6b75a6c0fb5db821cc65e70cbd64a3e2a5eaae",
                "sha256:fc323ffcaeaed0e0a02bf4d117757b98aed530d9ed4531e3e15460124c106691"
            ],
            "version": "==3.0.4"
        },
        "click": {
            "hashes": [
                "sha256:2335065e6395b9e67ca716de5f7526736bfa6ceead690adf616d925bdc622b13",
                "sha256:5b94b49521f6456670fdb30cd82a4eca9412788a93fa6dd6df72c94d5a8ff2d7"
            ],
            "version": "==7.0"
        },
        "click-plugins": {
            "hashes": [
                "sha256:46ab999744a9d831159c3411bb0c79346d94a444df9a3a3742e9ed63645f264b",
                "sha256:5d262006d3222f5057fd81e1623d4443e41dcda5dc815c06b442aa3c02889fc8"
            ],
            "version": "==1.1.1"
        },
        "cligj": {
            "hashes": [
                "sha256:20f24ce9abfde3f758aec3399e6811b936b6772f360846c662c19bf5537b4f14",
                "sha256:60c93dda4499562eb87509a8ff3535a7441053b766c9c26bcf874a732f939c7c",
                "sha256:6c7d52d529a78712491974f975c33473f430c0f7beb18c0d7a402a743dcb460a"
            ],
            "version": "==0.5.0"
        },
        "cycler": {
            "hashes": [
                "sha256:1d8a5ae1ff6c5cf9b93e8811e581232ad8920aeec647c37316ceac982b08cb2d",
                "sha256:cd7b2d1018258d7247a71425e9f26463dfb444d411c39569972f4ce586b0c9d8"
            ],
            "version": "==0.10.0"
        },
        "enum34": {
            "hashes": [
                "sha256:2d81cbbe0e73112bdfe6ef8576f2238f2ba27dd0d55752a776c41d38b7da2850",
                "sha256:644837f692e5f550741432dd3f223bbb9852018674981b1664e5dc339387588a",
                "sha256:6bd0f6ad48ec2aa117d3d141940d484deccda84d4fcd884f5c3d93c23ecd8c79",
                "sha256:8ad8c4783bf61ded74527bffb48ed9b54166685e4230386a9ed9b1279e2df5b1"
            ],
            "markers": "python_version < '3.4'",
            "version": "==1.1.6"
        },
        "flask": {
            "hashes": [
                "sha256:13f9f196f330c7c2c5d7a5cf91af894110ca0215ac051b5844701f2bfd934d52",
                "sha256:45eb5a6fd193d6cf7e0cf5d8a5b31f83d5faae0293695626f539a823e93b13f6"
            ],
            "index": "pypi",
            "version": "==1.1.1"
        },
        "flask-cors": {
            "hashes": [
                "sha256:72170423eb4612f0847318afff8c247b38bd516b7737adfc10d1c2cdbb382d16",
                "sha256:f4d97201660e6bbcff2d89d082b5b6d31abee04b1b3003ee073a6fd25ad1d69a"
            ],
            "index": "pypi",
            "version": "==3.0.8"
        },
        "future": {
            "hashes": [
                "sha256:b1bead90b70cf6ec3f0710ae53a525360fa360d306a86583adc6bf83a4db537d"
            ],
            "version": "==0.18.2"
        },
        "futures": {
            "hashes": [
                "sha256:49b3f5b064b6e3afc3316421a3f25f66c137ae88f068abbf72830170033c5e16",
                "sha256:7e033af76a5e35f58e56da7a91e687706faf4e7bdfb2cbc3f2cca6b9bcda9794"
            ],
            "markers": "python_version < '3.2'",
            "version": "==3.3.0"
        },
        "google-auth": {
            "hashes": [
                "sha256:7bb2034a3a290190cf4e3eb8ebf29e5025c90f0b06a00ba4d1fb94bf0c6448f7",
                "sha256:c57074e594d2c6e3e316162734e8af3e15d40252022e69414cba67de66594417"
            ],
            "version": "==1.10.0"
        },
        "google-auth-oauthlib": {
            "hashes": [
                "sha256:88d2cd115e3391eb85e1243ac6902e76e77c5fe438b7276b297fbe68015458dd",
                "sha256:a92a0f6f41a0fb6138454fbc02674e64f89d82a244ea32f98471733c8ef0e0e1"
            ],
            "version": "==0.4.1"
        },
        "grpcio": {
            "hashes": [
                "sha256:066630f6b62bffa291dacbee56994279a6a3682b8a11967e9ccaf3cc770fc11e",
                "sha256:07e95762ca6b18afbeb3aa2793e827c841152d5e507089b1db0b18304edda105",
                "sha256:0a0fb2f8e3a13537106bc77e4c63005bc60124a6203034304d9101921afa4e90",
                "sha256:0c61b74dcfb302613926e785cb3542a0905b9a3a86e9410d8cf5d25e25e10104",
                "sha256:13383bd70618da03684a8aafbdd9e3d9a6720bf8c07b85d0bc697afed599d8f0",
                "sha256:1c6e0f6b9d091e3717e9a58d631c8bb4898be3b261c2a01fe46371fdc271052f",
                "sha256:1cf710c04689daa5cc1e598efba00b028215700dcc1bf66fcb7b4f64f2ea5d5f",
                "sha256:2da5cee9faf17bb8daf500cd0d28a17ae881ab5500f070a6aace457f4c08cac4",
                "sha256:2f78ebf340eaf28fa09aba0f836a8b869af1716078dfe8f3b3f6ff785d8f2b0f",
                "sha256:33a07a1a8e817d733588dbd18e567caad1a6fe0d440c165619866cd490c7911a",
                "sha256:3d090c66af9c065b7228b07c3416f93173e9839b1d40bb0ce3dd2aa783645026",
                "sha256:42b903a3596a10e2a3727bae2a76f8aefd324d498424b843cfa9606847faea7b",
                "sha256:4fffbb58134c4f23e5a8312ac3412db6f5e39e961dc0eb5e3115ce5aa16bf927",
                "sha256:57be5a6c509a406fe0ffa6f8b86904314c77b5e2791be8123368ad2ebccec874",
                "sha256:5b0fa09efb33e2af4e8822b4eb8b2cbc201d562e3e185c439be7eaeee2e8b8aa",
                "sha256:5ef42dfc18f9a63a06aca938770b69470bb322e4c137cf08cf21703d1ef4ae5c",
                "sha256:6a43d2f2ff8250f200fdf7aa31fa191a997922aa9ea1182453acd705ad83ab72",
                "sha256:6d8ab28559be98b02f8b3a154b53239df1aa5b0d28ff865ae5be4f30e7ed4d3f",
                "sha256:6e47866b7dc14ca3a12d40c1d6082e7bea964670f1c5315ea0fb8b0550244d64",
                "sha256:6edda1b96541187f73aab11800d25f18ee87e53d5f96bb74473873072bf28a0e",
                "sha256:7109c8738a8a3c98cfb5dda1c45642a8d6d35dc00d257ab7a175099b2b4daecd",
                "sha256:8d866aafb08657c456a18c4a31c8526ea62de42427c242b58210b9eae6c64559",
                "sha256:9939727d9ae01690b24a2b159ac9dbca7b7e8e6edd5af6a6eb709243cae7b52b",
                "sha256:99fd873699df17cb11c542553270ae2b32c169986e475df0d68a8629b8ef4df7",
                "sha256:b6fda5674f990e15e1bcaacf026428cf50bce36e708ddcbd1de9673b14aab760",
                "sha256:bdb2f3dcb664f0c39ef1312cd6acf6bc6375252e4420cf8f36fff4cb4fa55c71",
                "sha256:bfd7d3130683a1a0a50c456273c21ec8a604f2d043b241a55235a78a0090ee06",
                "sha256:c6c2db348ac73d73afe14e0833b18abbbe920969bf2c5c03c0922719f8020d06",
                "sha256:cb7a4b41b5e2611f85c3402ac364f1d689f5d7ecbc24a55ef010eedcd6cf460f",
                "sha256:cd3d3e328f20f7c807a862620c6ee748e8d57ba2a8fc960d48337ed71c6d9d32",
                "sha256:d1a481777952e4f99b8a6956581f3ee866d7614100d70ae6d7e07327570b85ce",
                "sha256:d1d49720ed636920bb3d74cedf549382caa9ad55aea89d1de99d817068d896b2",
                "sha256:d42433f0086cccd192114343473d7dbd4aae9141794f939e2b7b83efc57543db",
                "sha256:d44c34463a7c481e076f691d8fa25d080c3486978c2c41dca09a8dd75296c2d7",
                "sha256:d7e5b7af1350e9c8c17a7baf99d575fbd2de69f7f0b0e6ebd47b57506de6493a",
                "sha256:d9542366a0917b9b48bab1fee481ac01f56bdffc52437b598c09e7840148a6a9",
                "sha256:df7cdfb40179acc9790a462c049e0b8e109481164dd7ad1a388dd67ff1528759",
                "sha256:e1a9d9d2e7224d981aea8da79260c7f6932bf31ce1f99b7ccfa5eceeb30dc5d0",
                "sha256:ed10e5fad105ecb0b12822f924e62d0deb07f46683a0b64416b17fd143daba1d",
                "sha256:f0ec5371ce2363b03531ed522bfbe691ec940f51f0e111f0500fc0f44518c69d",
                "sha256:f6580a8a4f5e701289b45fd62a8f6cb5ec41e4d77082424f8b676806dcd22564",
                "sha256:f7b83e4b2842d44fce3cdc0d54db7a7e0d169a598751bf393601efaa401c83e0",
                "sha256:ffec45b0db18a555fdfe0c6fa2d0a3fceb751b22b31e8fcd14ceed7bde05481e"
            ],
            "version": "==1.26.0"
        },
        "idna": {
            "hashes": [
                "sha256:c357b3f628cf53ae2c4c05627ecc484553142ca23264e593d327bcde5e9c3407",
                "sha256:ea8b7f6188e6fa117537c3df7da9fc686d485087abf6ac197f9c46432f7e4a3c"
            ],
            "version": "==2.8"
        },
        "itsdangerous": {
            "hashes": [
                "sha256:321b033d07f2a4136d3ec762eac9f16a10ccd60f53c0c91af90217ace7ba1f19",
                "sha256:b12271b2047cb23eeb98c8b5622e2e5c5e9abd9784a153e9d8ef9cb4dd09d749"
            ],
            "version": "==1.1.0"
        },
        "jinja2": {
            "hashes": [
                "sha256:74320bb91f31270f9551d46522e33af46a80c3d619f4a4bf42b3164d30b5911f",
                "sha256:9fe95f19286cfefaa917656583d020be14e7859c6b0252588391e47db34527de"
            ],
            "version": "==2.10.3"
        },
        "kiwisolver": {
            "hashes": [
                "sha256:05b5b061e09f60f56244adc885c4a7867da25ca387376b02c1efc29cc16bcd0f",
                "sha256:210d8c39d01758d76c2b9a693567e1657ec661229bc32eac30761fa79b2474b0",
                "sha256:26f4fbd6f5e1dabff70a9ba0d2c4bd30761086454aa30dddc5b52764ee4852b7",
                "sha256:3b15d56a9cd40c52d7ab763ff0bc700edbb4e1a298dc43715ecccd605002cf11",
                "sha256:3b2378ad387f49cbb328205bda569b9f87288d6bc1bf4cd683c34523a2341efe",
                "sha256:400599c0fe58d21522cae0e8b22318e09d9729451b17ee61ba8e1e7c0346565c",
                "sha256:47b8cb81a7d18dbaf4fed6a61c3cecdb5adec7b4ac292bddb0d016d57e8507d5",
                "sha256:53eaed412477c836e1b9522c19858a8557d6e595077830146182225613b11a75",
                "sha256:58e626e1f7dfbb620d08d457325a4cdac65d1809680009f46bf41eaf74ad0187",
                "sha256:5a52e1b006bfa5be04fe4debbcdd2688432a9af4b207a3f429c74ad625022641",
                "sha256:5c7ca4e449ac9f99b3b9d4693debb1d6d237d1542dd6a56b3305fe8a9620f883",
                "sha256:682e54f0ce8f45981878756d7203fd01e188cc6c8b2c5e2cf03675390b4534d5",
                "sha256:76275ee077772c8dde04fb6c5bc24b91af1bb3e7f4816fd1852f1495a64dad93",
                "sha256:79bfb2f0bd7cbf9ea256612c9523367e5ec51d7cd616ae20ca2c90f575d839a2",
                "sha256:7f4dd50874177d2bb060d74769210f3bce1af87a8c7cf5b37d032ebf94f0aca3",
                "sha256:8944a16020c07b682df861207b7e0efcd2f46c7488619cb55f65882279119389",
                "sha256:8aa7009437640beb2768bfd06da049bad0df85f47ff18426261acecd1cf00897",
                "sha256:9105ce82dcc32c73eb53a04c869b6a4bc756b43e4385f76ea7943e827f529e4d",
                "sha256:933df612c453928f1c6faa9236161a1d999a26cd40abf1dc5d7ebbc6dbfb8fca",
                "sha256:939f36f21a8c571686eb491acfffa9c7f1ac345087281b412d63ea39ca14ec4a",
                "sha256:9491578147849b93e70d7c1d23cb1229458f71fc79c51d52dce0809b2ca44eea",
                "sha256:9733b7f64bd9f807832d673355f79703f81f0b3e52bfce420fc00d8cb28c6a6c",
                "sha256:a02f6c3e229d0b7220bd74600e9351e18bc0c361b05f29adae0d10599ae0e326",
                "sha256:a0c0a9f06872330d0dd31b45607197caab3c22777600e88031bfe66799e70bb0",
                "sha256:aa716b9122307c50686356cfb47bfbc66541868078d0c801341df31dca1232a9",
                "sha256:acc4df99308111585121db217681f1ce0eecb48d3a828a2f9bbf9773f4937e9e",
                "sha256:b64916959e4ae0ac78af7c3e8cef4becee0c0e9694ad477b4c6b3a536de6a544",
                "sha256:d22702cadb86b6fcba0e6b907d9f84a312db9cd6934ee728144ce3018e715ee1",
                "sha256:d3fcf0819dc3fea58be1fd1ca390851bdb719a549850e708ed858503ff25d995",
                "sha256:d52e3b1868a4e8fd18b5cb15055c76820df514e26aa84cc02f593d99fef6707f",
                "sha256:db1a5d3cc4ae943d674718d6c47d2d82488ddd94b93b9e12d24aabdbfe48caee",
                "sha256:e3a21a720791712ed721c7b95d433e036134de6f18c77dbe96119eaf7aa08004",
                "sha256:e8bf074363ce2babeb4764d94f8e65efd22e6a7c74860a4f05a6947afc020ff2",
                "sha256:f16814a4a96dc04bf1da7d53ee8d5b1d6decfc1a92a63349bb15d37b6a263dd9",
                "sha256:f2b22153870ca5cf2ab9c940d7bc38e8e9089fa0f7e5856ea195e1cf4ff43d5a",
                "sha256:f790f8b3dff3d53453de6a7b7ddd173d2e020fb160baff578d578065b108a05f",
                "sha256:fe51b79da0062f8e9d49ed0182a626a7dc7a0cbca0328f612c6ee5e4711c81e4"
            ],
            "version": "==1.1.0"
        },
        "markdown": {
            "hashes": [
                "sha256:2e50876bcdd74517e7b71f3e7a76102050edec255b3983403f1a63e7c8a41e7a",
                "sha256:56a46ac655704b91e5b7e6326ce43d5ef72411376588afa1dd90e881b83c7e8c"
            ],
            "version": "==3.1.1"
        },
        "markupsafe": {
            "hashes": [
                "sha256:00bc623926325b26bb9605ae9eae8a215691f33cae5df11ca5424f06f2d1f473",
                "sha256:09027a7803a62ca78792ad89403b1b7a73a01c8cb65909cd876f7fcebd79b161",
                "sha256:09c4b7f37d6c648cb13f9230d847adf22f8171b1ccc4d5682398e77f40309235",
                "sha256:1027c282dad077d0bae18be6794e6b6b8c91d58ed8a8d89a89d59693b9131db5",
                "sha256:24982cc2533820871eba85ba648cd53d8623687ff11cbb805be4ff7b4c971aff",
                "sha256:29872e92839765e546828bb7754a68c418d927cd064fd4708fab9fe9c8bb116b",
                "sha256:43a55c2930bbc139570ac2452adf3d70cdbb3cfe5912c71cdce1c2c6bbd9c5d1",
                "sha256:46c99d2de99945ec5cb54f23c8cd5689f6d7177305ebff350a58ce5f8de1669e",
                "sha256:500d4957e52ddc3351cabf489e79c91c17f6e0899158447047588650b5e69183",
                "sha256:535f6fc4d397c1563d08b88e485c3496cf5784e927af890fb3c3aac7f933ec66",
                "sha256:62fe6c95e3ec8a7fad637b7f3d372c15ec1caa01ab47926cfdf7a75b40e0eac1",
                "sha256:6dd73240d2af64df90aa7c4e7481e23825ea70af4b4922f8ede5b9e35f78a3b1",
                "sha256:717ba8fe3ae9cc0006d7c451f0bb265ee07739daf76355d06366154ee68d221e",
                "sha256:79855e1c5b8da654cf486b830bd42c06e8780cea587384cf6545b7d9ac013a0b",
                "sha256:7c1699dfe0cf8ff607dbdcc1e9b9af1755371f92a68f706051cc8c37d447c905",
                "sha256:88e5fcfb52ee7b911e8bb6d6aa2fd21fbecc674eadd44118a9cc3863f938e735",
                "sha256:8defac2f2ccd6805ebf65f5eeb132adcf2ab57aa11fdf4c0dd5169a004710e7d",
                "sha256:98c7086708b163d425c67c7a91bad6e466bb99d797aa64f965e9d25c12111a5e",
                "sha256:9add70b36c5666a2ed02b43b335fe19002ee5235efd4b8a89bfcf9005bebac0d",
                "sha256:9bf40443012702a1d2070043cb6291650a0841ece432556f784f004937f0f32c",
                "sha256:ade5e387d2ad0d7ebf59146cc00c8044acbd863725f887353a10df825fc8ae21",
                "sha256:b00c1de48212e4cc9603895652c5c410df699856a2853135b3967591e4beebc2",
                "sha256:b1282f8c00509d99fef04d8ba936b156d419be841854fe901d8ae224c59f0be5",
                "sha256:b2051432115498d3562c084a49bba65d97cf251f5a331c64a12ee7e04dacc51b",
                "sha256:ba59edeaa2fc6114428f1637ffff42da1e311e29382d81b339c1817d37ec93c6",
                "sha256:c8716a48d94b06bb3b2524c2b77e055fb313aeb4ea620c8dd03a105574ba704f",
                "sha256:cd5df75523866410809ca100dc9681e301e3c27567cf498077e8551b6d20e42f",
                "sha256:e249096428b3ae81b08327a63a485ad0878de3fb939049038579ac0ef61e17e7"
            ],
            "version": "==1.1.1"
        },
        "matplotlib": {
            "hashes": [
                "sha256:029620799e581802961ac1dcff5cb5d3ee2f602e0db9c0f202a90495b37d2126",
                "sha256:2308f67e085735ed580fcace652339cb517f059cdc9ee8a418c1b55746dbffcb",
                "sha256:280aebaec25575e35bf7d1b3ebb2d8ae7e839edb5a403f1a121b7271744b1ef9",
                "sha256:295099acb5a8a1148d1b4693ad1a93479a20836cd8b7eb38183a98c84cdcb2f1",
                "sha256:75d44c55eb87af653afc3d0a37ab62ab4784c752be0e7c96622713d88ed57e64",
                "sha256:95d9d7c2d7f0c7a4317acbcf1a81efa0a2ce5cb5ddfad606ae4c25a783431f0a",
                "sha256:9703ffc3e7e369f3ab31d0032719710876cb341eb618e1a8a54447e1946a9f0a",
                "sha256:9ff80541d5676207c6e829632b28e22d9875ecaae54eab7a7f8fd82a6552e5e9",
                "sha256:a6a04ebd81b3183e7882c9047a9514b7f547b2bae5e4f61a02eaaa6b446bde54",
                "sha256:b22b0d3b8d8f769c6ac559f6761878d660bd23d67b36430f07161caf1505c29c",
                "sha256:b464d598e36e13f7d798443805f2ba6b4af3d26fc1652c51c77a7847cf665813",
                "sha256:c0fa162920185d5d74e6fdf52c1f8cca0fbf897025a9dd81e030cf08a915865a",
                "sha256:c452b7aff0a9e4612670a4590e6efc30929dad620a121d423c8f3d0bd93715e2",
                "sha256:c90fc796e97815ea3bbbdea63c1e4edf75336361a49b945fdbc2aff1c76008c6",
                "sha256:cc1d376963ea9c97338582f3f9d64757c51e71cf2655efe363a3f2414d84aac2",
                "sha256:d3f5dfaa345539599308bd83826db242e424e3f4e9657952f8738ce1b5b90e8a",
                "sha256:d9e80ba0ffdb0daacaf49e561474d5c5c153d6db853478cf90c8cba5ed8b72b1",
                "sha256:daac44fc77cf36ff01953e2acc57a843fb1f6572eb5bf0af10a2930fa7407715",
                "sha256:de43c85335d71094a254e8538719752e30db3305005dae8dcb3097b72587ed07",
                "sha256:e4621af28a2444f93b5b6d3d60f54767df8ac6daa510a98f68c34377cb474869",
                "sha256:f3755a52aae7fb640f5f57b7b63eb5d65688c84931d7833dbc7d03959cd4f8ce",
                "sha256:f99c43df8ed2b9d1c95a042f3cacf017f9690092feba0b4292eaa6713f92de97"
            ],
            "index": "pypi",
            "version": "==2.2.4"
        },
        "numpy": {
            "hashes": [
                "sha256:00836128feaf9a7c7fedeea05ad593e7965f523d23fe3ffbf20cfffd88e9f2b1",
                "sha256:03b28330253904d410c3c82d66329f29645eb54a7345cb7dd7a1529d61fa603f",
                "sha256:1594aec94e4896e0688f4f405481fda50fb70547000ae71f2e894299a088a661",
                "sha256:27aa457590268cb059c47daa8c55f48c610ce81da8a062ec117f74efa9124ec9",
                "sha256:2c5a556272c67566e8f4607d1c78ad98e954fa6c32802002a4a0b029ad8dd759",
                "sha256:37fdd3bb05caaaacac58015cfa38e38b006ee9cef1eaacdb70bb68c16ac7db1d",
                "sha256:3a96e59f61c7a8f8838d0f4d19daeba551c5f07c5cdd5c81e8e9d4089ade0042",
                "sha256:3d6a354bb1a1ce2cabd47e0bdcf25364322fb55a29efb59f76944d7ee546d8b6",
                "sha256:4208b225ae049641a7a99ab92e84ce9d642ded8250d2b6c9fd61a7fa8c072561",
                "sha256:46469e7fcb689036e72ce61c3d432ed35eb4c71b5119e894845b434b0fae5813",
                "sha256:4d790e2a37aa3350667d8bb8acc919010c7e46234c3d615738564ddc6d22026f",
                "sha256:612297115bade249a118616c065597ff2e5e1f47ed220d7ba71f3e6c6ebcd814",
                "sha256:8bb452d94e964b312205b0de1238dd7209da452343653ab214b5d681780e7a0c",
                "sha256:911d91ffc6688db0454d69318584415f7dfb0fc1b8ac9b549234e39495684230",
                "sha256:9a2b950bca9faca0145491ae9fd214c432f2b1e36783399bc2c3732e7bcc94f4",
                "sha256:ada1a1cd68b9874fa480bd287438f92bd7ce88ca0dd6e8d56c70f2b3dab97314",
                "sha256:ceb353e3ae840ce76256935b18c17236ca808509f231f41d5173d7b2680d5e77",
                "sha256:dbc9e9a6a5e0c4f57498855d4e30ef8b599c0ce13fdf9d64299197508d67d9e8",
                "sha256:e6ce7c0051ed5443f8343da2a14580aa438822ae6526900332c4564f371d2aaf",
                "sha256:f42e21d8db16315bc30b437bff63d6b143befb067b8cd396fa3ef17f1c21e1a0",
                "sha256:f7fb27c0562206787011cf299c03f663c604b58a35a9c2b5218ba6485a17b145",
                "sha256:fada0492dd35412cd96e0578677e9a4bdae8f102ef2b631301fcf19066b57119",
                "sha256:fb207362394567343d84c0462ec3ba203a21c78be9a0fdbb94982e76859ec37e"
            ],
            "index": "pypi",
            "version": "==1.16.5"
        },
        "oauthlib": {
            "hashes": [
                "sha256:bee41cc35fcca6e988463cacc3bcb8a96224f470ca547e697b604cc697b2f889",
                "sha256:df884cd6cbe20e32633f1db1072e9356f53638e4361bef4e8b03c9127c9328ea"
            ],
            "version": "==3.1.0"
        },
        "pillow": {
            "hashes": [
                "sha256:047d9473cf68af50ac85f8ee5d5f21a60f849bc17d348da7fc85711287a75031",
                "sha256:0f66dc6c8a3cc319561a633b6aa82c44107f12594643efa37210d8c924fc1c71",
                "sha256:12c9169c4e8fe0a7329e8658c7e488001f6b4c8e88740e76292c2b857af2e94c",
                "sha256:248cffc168896982f125f5c13e9317c059f74fffdb4152893339f3be62a01340",
                "sha256:27faf0552bf8c260a5cee21a76e031acaea68babb64daf7e8f2e2540745082aa",
                "sha256:285edafad9bc60d96978ed24d77cdc0b91dace88e5da8c548ba5937c425bca8b",
                "sha256:384b12c9aa8ef95558abdcb50aada56d74bc7cc131dd62d28c2d0e4d3aadd573",
                "sha256:38950b3a707f6cef09cd3cbb142474357ad1a985ceb44d921bdf7b4647b3e13e",
                "sha256:4aad1b88933fd6dc2846552b89ad0c74ddbba2f0884e2c162aa368374bf5abab",
                "sha256:4ac6148008c169603070c092e81f88738f1a0c511e07bd2bb0f9ef542d375da9",
                "sha256:4deb1d2a45861ae6f0b12ea0a786a03d19d29edcc7e05775b85ec2877cb54c5e",
                "sha256:59aa2c124df72cc75ed72c8d6005c442d4685691a30c55321e00ed915ad1a291",
                "sha256:5a47d2123a9ec86660fe0e8d0ebf0aa6bc6a17edc63f338b73ea20ba11713f12",
                "sha256:5cc901c2ab9409b4b7ac7b5bcc3e86ac14548627062463da0af3b6b7c555a871",
                "sha256:6c1db03e8dff7b9f955a0fb9907eb9ca5da75b5ce056c0c93d33100a35050281",
                "sha256:7ce80c0a65a6ea90ef9c1f63c8593fcd2929448613fc8da0adf3e6bfad669d08",
                "sha256:809c19241c14433c5d6135e1b6c72da4e3b56d5c865ad5736ab99af8896b8f41",
                "sha256:83792cb4e0b5af480588601467c0764242b9a483caea71ef12d22a0d0d6bdce2",
                "sha256:846fa202bd7ee0f6215c897a1d33238ef071b50766339186687bd9b7a6d26ac5",
                "sha256:9f5529fc02009f96ba95bea48870173426879dc19eec49ca8e08cd63ecd82ddb",
                "sha256:a423c2ea001c6265ed28700df056f75e26215fd28c001e93ef4380b0f05f9547",
                "sha256:ac4428094b42907aba5879c7c000d01c8278d451a3b7cccd2103e21f6397ea75",
                "sha256:b1ae48d87f10d1384e5beecd169c77502fcc04a2c00a4c02b85f0a94b419e5f9",
                "sha256:bf4e972a88f8841d8fdc6db1a75e0f8d763e66e3754b03006cbc3854d89f1cb1",
                "sha256:c6414f6aad598364aaf81068cabb077894eb88fed99c6a65e6e8217bab62ae7a",
                "sha256:c710fcb7ee32f67baf25aa9ffede4795fd5d93b163ce95fdc724383e38c9df96",
                "sha256:c7be4b8a09852291c3c48d3c25d1b876d2494a0a674980089ac9d5e0d78bd132",
                "sha256:c9e5ffb910b14f090ac9c38599063e354887a5f6d7e6d26795e916b4514f2c1a",
                "sha256:e0697b826da6c2472bb6488db4c0a7fa8af0d52fa08833ceb3681358914b14e5",
                "sha256:e9a3edd5f714229d41057d56ac0f39ad9bdba6767e8c888c951869f0bdd129b0"
            ],
            "index": "pypi",
            "version": "==6.2.1"
        },
        "protobuf": {
            "hashes": [
                "sha256:0329e86a397db2a83f9dcbe21d9be55a47f963cdabc893c3a24f4d3a8f117c37",
                "sha256:0a7219254afec0d488211f3d482d8ed57e80ae735394e584a98d8f30a8c88a36",
                "sha256:14d6ac53df9cb5bb87c4f91b677c1bc5cec9c0fd44327f367a3c9562de2877c4",
                "sha256:180fc364b42907a1d2afa183ccbeffafe659378c236b1ec3daca524950bb918d",
                "sha256:3d7a7d8d20b4e7a8f63f62de2d192cfd8b7a53c56caba7ece95367ca2b80c574",
                "sha256:3f509f7e50d806a434fe4a5fbf602516002a0f092889209fff7db82060efffc0",
                "sha256:4571da974019849201fc1ec6626b9cea54bd11b6bed140f8f737c0a33ea37de5",
                "sha256:56bd1d84fbf4505c7b73f04de987eef5682e5752c811141b0186a3809bfb396f",
                "sha256:680c668d00b5eff08b86aef9e5ba9a705e621ea05d39071cfea8e28cb2400946",
                "sha256:6b5b947dc8b3f2aec0eaad65b0b5113fcd642c358c31357c647da6281ee31104",
                "sha256:6e96dffaf4d0a9a329e528b353ba62fd9ef13599688723d96bc9c165d0b6871e",
                "sha256:919f0d6f6addc836d08658eba3b52be2e92fd3e76da3ce00c325d8e9826d17c7",
                "sha256:9c7b19c30cf0644afd0e4218b13f637ce54382fdcb1c8f75bf3e84e49a5f6d0a",
                "sha256:a2e6f57114933882ec701807f217df2fb4588d47f71f227c0a163446b930d507",
                "sha256:a6b970a2eccfcbabe1acf230fbf112face1c4700036c95e195f3554d7bcb04c1",
                "sha256:bc45641cbcdea068b67438244c926f9fd3e5cbdd824448a4a64370610df7c593",
                "sha256:d61b14a9090da77fe87e38ba4c6c43d3533dcbeb5d84f5474e7ac63c532dcc9c",
                "sha256:d6faf5dbefb593e127463f58076b62fcfe0784187be8fe1aa9167388f24a22a1"
            ],
            "version": "==3.11.2"
        },
        "pyasn1": {
            "hashes": [
                "sha256:39c7e2ec30515947ff4e87fb6f456dfc6e84857d34be479c9d4a4ba4bf46aa5d",
                "sha256:aef77c9fb94a3ac588e87841208bdec464471d9871bd5050a287cc9a475cd0ba"
            ],
            "version": "==0.4.8"
        },
        "pyasn1-modules": {
            "hashes": [
                "sha256:0c35a52e00b672f832e5846826f1fb7507907f7d52fba6faa9e3c4cbe874fe4b",
                "sha256:b6ada4f840fe51abf5a6bd545b45bf537bea62221fa0dde2e8a553ed9f06a4e3"
            ],
            "version": "==0.2.7"
        },
        "pyparsing": {
            "hashes": [
                "sha256:4c830582a84fb022400b85429791bc551f1f4871c33f23e44f353119e92f969f",
                "sha256:c342dccb5250c08d45fd6f8b4a559613ca603b57498511740e65cd11a2e7dcec"
            ],
            "version": "==2.4.6"
        },
        "python-dateutil": {
            "hashes": [
                "sha256:73ebfe9dbf22e832286dafa60473e4cd239f8592f699aa5adaf10050e6e1823c",
                "sha256:75bb3f31ea686f1197762692a9ee6a7550b59fc6ca3a1f4b5d7e32fb98e2da2a"
            ],
            "version": "==2.8.1"
        },
        "pytorch-ignite": {
            "hashes": [
                "sha256:5b3210cc47870049fcfe23c2860879f3d9ce256fc512d891bc4d541d4b9418a7",
                "sha256:d655ee744453938339633b7584fdee446ac978a0b340e5794911c0effcbf5393"
            ],
            "index": "pypi",
            "version": "==0.2.1"
        },
        "pytz": {
            "hashes": [
                "sha256:1c557d7d0e871de1f5ccd5833f60fb2550652da6be2693c1e02300743d21500d",
                "sha256:b02c06db6cf09c12dd25137e563b31700d3b80fcc4ad23abb7a315f2789819be"
            ],
            "version": "==2019.3"
        },
        "rasterio": {
            "hashes": [
                "sha256:2284d1045f4ba51b2dae24748e090f16d38480009ca0bf858028787a0928d810",
                "sha256:28c19cbdeeeb70dba4b0ef0e3229599ff9041c3ccede571997b1c26514fae6f0",
                "sha256:45a7d495e7f1b1fb5530371f8a8b949a0feb4148811d520f86298604f98c9329",
                "sha256:47b5e800ed431c841bc8146a018c6872fe55694bc43a45b6d2ad8f29f3357388",
                "sha256:528643db9785d9734703b4c49cd4f5ae75995e30f841c91a5af99c0642e757a7",
                "sha256:5cffe1d4fe6adbbfa4db07e49e95e920defc202874b5ad6da89ee10c955ddf7c",
                "sha256:5f948c90e62c2859592b1daa88fd64966bc863473fc0853d3054fdacc582db05",
                "sha256:8ad7386250592040b4b43980cbe92698520ecbe00dc05caeb20a2fa79a974a0c",
                "sha256:a583599afa9d206888e9e70a7f0c02d97c9f31b95a178cc5b079d478b0936703",
                "sha256:ddfd917470d4feaa7f7d184fc72558f9bef5b0961ff65ef9a1e4f430589553a8",
                "sha256:f6df894e37eefb408e4562ab9c14efcf027b0f5f279be5ff8b2105d03f2d3c37"
            ],
            "index": "pypi",
            "version": "==1.1.2"
        },
        "requests": {
            "hashes": [
                "sha256:11e007a8a2aa0323f5a921e9e6a2d7e4e67d9877e85773fba9ba6419025cbeb4",
                "sha256:9cf5292fcd0f598c671cfc1e0d7d1a7f13bb8085e9a590f48c010551dc6c4b31"
            ],
            "version": "==2.22.0"
        },
        "requests-oauthlib": {
            "hashes": [
                "sha256:7f71572defaecd16372f9006f33c2ec8c077c3cfa6f5911a9a90202beb513f3d",
                "sha256:b4261601a71fd721a8bd6d7aa1cc1d6a8a93b4a9f5e96626f8e4d91e8beeaa6a"
            ],
            "version": "==1.3.0"
        },
        "rsa": {
            "hashes": [
                "sha256:14ba45700ff1ec9eeb206a2ce76b32814958a98e372006c8fb76ba820211be66",
                "sha256:1a836406405730121ae9823e19c6e806c62bbad73f890574fff50efa4122c487"
            ],
            "version": "==4.0"
        },
        "shapely": {
            "hashes": [
                "sha256:0378964902f89b8dbc332e5bdfa08e0bc2f7ab39fecaeb17fbb2a7699a44fe71",
                "sha256:34e7c6f41fb27906ccdf2514ee44a5774b90b39a256b6511a6a57d11ffe64999",
                "sha256:3ca69d4b12e2b05b549465822744b6a3a1095d8488cc27b2728a06d3c07d0eee",
                "sha256:3e9388f29bd81fcd4fa5c35125e1fbd4975ee36971a87a90c093f032d0e9de24",
                "sha256:3ef28e3f20a1c37f5b99ea8cf8dcb58e2f1a8762d65ed2d21fd92bf1d4811182",
                "sha256:523c94403047eb6cacd7fc1863ebef06e26c04d8a4e7f8f182d49cd206fe787e",
                "sha256:5d22a1a705c2f70f61ccadc696e33d922c1a92e00df8e1d58a6ade14dd7e3b4f",
                "sha256:714b6680215554731389a1bbdae4cec61741aa4726921fa2b2b96a6f578a2534",
                "sha256:7dfe1528650c3f0dc82f41a74cf4f72018288db9bfb75dcd08f6f04233ec7e78",
                "sha256:ba58b21b9cf3c33725f7f530febff9ed6a6846f9d0bf8a120fc74683ff919f89",
                "sha256:c4b87bb61fc3de59fc1f85e71a79b0c709dc68364d9584473697aad4aa13240f",
                "sha256:ebb4d2bee7fac3f6c891fcdafaa17f72ab9c6480f6d00de0b2dc9a5137dfe342"
            ],
            "index": "pypi",
            "version": "==1.6.4.post2"
        },
        "six": {
            "hashes": [
                "sha256:1f1b7d42e254082a9db6279deae68afb421ceba6158efa6131de7b3003ee93fd",
                "sha256:30f610279e8b2578cab6db20741130331735c781b56053c59c4076da27f06b66"
            ],
            "version": "==1.13.0"
        },
        "snuggs": {
            "hashes": [
                "sha256:501cf113fe3892e14e2fee76da5cd0606b7e149c411c271898e6259ebde2617b",
                "sha256:988dde5d4db88e9d71c99457404773dabcc7a1c45971bfbe81900999942d9f07"
            ],
            "version": "==1.4.7"
        },
        "subprocess32": {
            "hashes": [
                "sha256:88e37c1aac5388df41cc8a8456bb49ebffd321a3ad4d70358e3518176de3a56b",
                "sha256:eb2937c80497978d181efa1b839ec2d9622cf9600a039a79d0e108d1f9aec79d"
            ],
            "version": "==3.5.4"
        },
        "tensorboard": {
            "hashes": [
                "sha256:1c80eb17c9d4f2609ed11b9446f8168973f5bb7789a97e56e766a89e062a00b9",
                "sha256:e6e64ec1e1500cc963b300895258f9605032c3a18bb40f95f2b3b12be16ff2f2"
            ],
            "index": "pypi",
            "version": "==2.1.0"
        },
        "torch": {
            "hashes": [
                "sha256:0cec2e13a2e95c24c34f17d437f354ee2a40902e8d515a524556b350e12555dd",
                "sha256:134e8291a97151b1ffeea09cb9ddde5238beb4e6d9dfb66657143d6990bfb865",
                "sha256:31062923ac2e60eac676f6a0ae14702b051c158bbcf7f440eaba266b0defa197",
                "sha256:3b05233481b51bb636cee63dc761bb7f602e198178782ff4159d385d1759608b",
                "sha256:458f1d87e5b7064b2c39e36675d84e163be3143dd2fc806057b7878880c461bc",
                "sha256:72a1c85bffd2154f085bc0a1d378d8a54e55a57d49664b874fe7c949022bf071",
                "sha256:77fd8866c0bf529861ffd850a5dada2190a8d9c5167719fb0cfa89163e23b143",
                "sha256:b6f01d851d1c5989d4a99b50ae0187762b15b7718dcd1a33704b665daa2402f9",
                "sha256:d8e1d904a6193ed14a4fed220b00503b2baa576e71471286d1ebba899c851fae"
            ],
            "index": "pypi",
            "version": "==1.3.1"
        },
        "torchvision": {
            "hashes": [
                "sha256:0f8245d6378acc86917f58492675f93df5279abae8bc5f832e3510722191f6c9",
                "sha256:1ad7593d94f6612ccb84a59467f0d10cdc213fb3e2bb91f1e773eb844787fa4c",
                "sha256:2553405b9afe3cedb410873b9877eb18b1526f8b01cb7c2747e51b69a936e0b5",
                "sha256:276a385f2f5fe484bf08467b5d081d9144b97eb458ba5b4a11e4640389e53149",
                "sha256:66deba9c577e36f4f071decdd894bf7ba794ac133dae64b3fd02fc3f0c6b989d",
                "sha256:7a458330e4efcd66f9f70127ab21fcf8cfea84acda8e707322fd2843aa6dd396",
                "sha256:8ff715c2323d9eca89126824ebfa74b282a95d6f64a4743fbe9b738d2de21c77",
                "sha256:dca4aadc12a123730957b501f9c5c2870d2f6727a2c28552cb7907b68b0ea10c",
                "sha256:dda25ce304978bba19e6543f7dcfee4f37d2f128ec83d4ab0c7e8f991d64865f"
            ],
            "index": "pypi",
            "version": "==0.4.2"
        },
        "urllib3": {
            "hashes": [
                "sha256:a8a318824cc77d1fd4b2bec2ded92646630d7fe8619497b142c84a9e6f5a7293",
                "sha256:f3c5fd51747d450d4dcf6f923c81f78f811aab8205fda64b0aba34a4e48b0745"
            ],
            "version": "==1.25.7"
        },
        "werkzeug": {
            "hashes": [
                "sha256:7280924747b5733b246fe23972186c6b348f9ae29724135a6dfc1e53cea433e7",
                "sha256:e5f4a1f98b52b18a93da705a7458e55afb26f32bff83ff5d19189f92462d65c4"
            ],
            "version": "==0.16.0"
        },
        "wheel": {
            "hashes": [
                "sha256:10c9da68765315ed98850f8e048347c3eb06dd81822dc2ab1d4fde9dc9702646",
                "sha256:f4da1763d3becf2e2cd92a14a7c920f0f00eca30fdde9ea992c836685b9faf28"
            ],
            "markers": "python_version < '3'",
            "version": "==0.33.6"
        }
    },
    "develop": {}
}
